
Microsoft Visual Studio Solution File, Format Version 12.00
# Visual Studio Version 17
VisualStudioVersion = 17.8.34511.84
MinimumVisualStudioVersion = 10.0.40219.1
Project("{9A19103F-16F7-4668-BE54-9A1E7A4F7556}") = "SimpleEncryptorDecryptor", "SimpleEncryptorDecryptor\SimpleEncryptorDecryptor.csproj", "{BEA73234-9FEB-4353-9AAC-D29DB3955DD5}"
EndProject
Project("{2150E333-8FDC-42A3-9474-1A3956D46DE8}") = ".build", ".build", "{EF21B22D-DBCB-4201-8A97-66AB690B4DE4}"
	ProjectSection(SolutionItems) = preProject
		..\build\AzurePipeline.yaml = ..\build\AzurePipeline.yaml
	EndProjectSection
EndProject
Project("{2150E333-8FDC-42A3-9474-1A3956D46DE8}") = ".github", ".github", "{510A60E2-E717-42F0-93F1-7304680873C5}"
	ProjectSection(SolutionItems) = preProject
		..\.gitignore = ..\.gitignore
		..\LICENSE = ..\LICENSE
		..\README.md = ..\README.md
	EndProjectSection
EndProject
Global
	GlobalSection(SolutionConfigurationPlatforms) = preSolution
		Debug|Any CPU = Debug|Any CPU
		Release|Any CPU = Release|Any CPU
	EndGlobalSection
	GlobalSection(ProjectConfigurationPlatforms) = postSolution
		{BEA73234-9FEB-4353-9AAC-D29DB3955DD5}.Debug|Any CPU.ActiveCfg = Debug|Any CPU
		{BEA73234-9FEB-4353-9AAC-D29DB3955DD5}.Debug|Any CPU.Build.0 = Debug|Any CPU
		{BEA73234-9FEB-4353-9AAC-D29DB3955DD5}.Release|Any CPU.ActiveCfg = Release|Any CPU
		{BEA73234-9FEB-4353-9AAC-D29DB3955DD5}.Release|Any CPU.Build.0 = Release|Any CPU
	EndGlobalSection
	GlobalSection(SolutionProperties) = preSolution
		HideSolutionNode = FALSE
	EndGlobalSection
	GlobalSection(ExtensibilityGlobals) = postSolution
		SolutionGuid = {EEF06242-AB1C-438E-8E6F-7827EC71377A}
	EndGlobalSection
EndGlobal
